
Microsoft Visual Studio Solution File, Format Version 12.00
# Visual Studio 15
VisualStudioVersion = 15.0.26730.12
MinimumVisualStudioVersion = 10.0.40219.1
Project("{FAE04EC0-301F-11D3-BF4B-00C04F79EFBC}") = "SecurityExam", "SecurityExam\SecurityExam.csproj", "{C82FAFE3-A69A-450A-B217-10C5E06206C3}"
EndProject
Global
	GlobalSection(SolutionConfigurationPlatforms) = preSolution
		Debug|Any CPU = Debug|Any CPU
		Release|Any CPU = Release|Any CPU
	EndGlobalSection
	GlobalSection(ProjectConfigurationPlatforms) = postSolution
		{C82FAFE3-A69A-450A-B217-10C5E06206C3}.Debug|Any CPU.ActiveCfg = Debug|Any CPU
		{C82FAFE3-A69A-450A-B217-10C5E06206C3}.Debug|Any CPU.Build.0 = Debug|Any CPU
		{C82FAFE3-A69A-450A-B217-10C5E06206C3}.Release|Any CPU.ActiveCfg = Release|Any CPU
		{C82FAFE3-A69A-450A-B217-10C5E06206C3}.Release|Any CPU.Build.0 = Release|Any CPU
	EndGlobalSection
	GlobalSection(SolutionProperties) = preSolution
		HideSolutionNode = FALSE
	EndGlobalSection
	GlobalSection(ExtensibilityGlobals) = postSolution
		SolutionGuid = {80AC08CA-9B8F-43A0-B405-01E43EA3025E}
	EndGlobalSection
EndGlobal
